// !$*UTF8*$!
{
	archiveVersion = 1;
	classes = {
	};
	objectVersion = 46;
	objects = {

/* Begin PBXBuildFile section */
		AC0EA81C191604ED000268C3 /* Foundation.framework in Frameworks */ = {isa = PBXBuildFile; fileRef = AC0EA81B191604ED000268C3 /* Foundation.framework */; };
		AC0EA81E191604ED000268C3 /* CoreGraphics.framework in Frameworks */ = {isa = PBXBuildFile; fileRef = AC0EA81D191604ED000268C3 /* CoreGraphics.framework */; };
		AC0EA820191604ED000268C3 /* UIKit.framework in Frameworks */ = {isa = PBXBuildFile; fileRef = AC0EA81F191604ED000268C3 /* UIKit.framework */; };
		AC0EA826191604ED000268C3 /* InfoPlist.strings in Resources */ = {isa = PBXBuildFile; fileRef = AC0EA824191604ED000268C3 /* InfoPlist.strings */; };
		AC0EA828191604ED000268C3 /* main.m in Sources */ = {isa = PBXBuildFile; fileRef = AC0EA827191604ED000268C3 /* main.m */; };
		AC0EA82C191604ED000268C3 /* AppDelegate.m in Sources */ = {isa = PBXBuildFile; fileRef = AC0EA82B191604ED000268C3 /* AppDelegate.m */; };
		AC0EA82F191604ED000268C3 /* Main_iPhone.storyboard in Resources */ = {isa = PBXBuildFile; fileRef = AC0EA82D191604ED000268C3 /* Main_iPhone.storyboard */; };
		AC0EA832191604ED000268C3 /* Main_iPad.storyboard in Resources */ = {isa = PBXBuildFile; fileRef = AC0EA830191604ED000268C3 /* Main_iPad.storyboard */; };
		AC0EA835191604ED000268C3 /* ViewController.m in Sources */ = {isa = PBXBuildFile; fileRef = AC0EA834191604ED000268C3 /* ViewController.m */; };
		AC0EA837191604ED000268C3 /* Images.xcassets in Resources */ = {isa = PBXBuildFile; fileRef = AC0EA836191604ED000268C3 /* Images.xcassets */; };
		AC0EA83E191604ED000268C3 /* XCTest.framework in Frameworks */ = {isa = PBXBuildFile; fileRef = AC0EA83D191604ED000268C3 /* XCTest.framework */; };
		AC0EA83F191604ED000268C3 /* Foundation.framework in Frameworks */ = {isa = PBXBuildFile; fileRef = AC0EA81B191604ED000268C3 /* Foundation.framework */; };
		AC0EA840191604ED000268C3 /* UIKit.framework in Frameworks */ = {isa = PBXBuildFile; fileRef = AC0EA81F191604ED000268C3 /* UIKit.framework */; };
		AC0EA848191604ED000268C3 /* InfoPlist.strings in Resources */ = {isa = PBXBuildFile; fileRef = AC0EA846191604ED000268C3 /* InfoPlist.strings */; };
		AC0EA84A191604ED000268C3 /* CGTests.m in Sources */ = {isa = PBXBuildFile; fileRef = AC0EA849191604ED000268C3 /* CGTests.m */; };
		ACB1C6781951E19E00B6FF1C /* constant.m in Sources */ = {isa = PBXBuildFile; fileRef = ACB1C6751951E19E00B6FF1C /* constant.m */; };
		ACB1C6791951E19E00B6FF1C /* PieChartView.m in Sources */ = {isa = PBXBuildFile; fileRef = ACB1C6771951E19E00B6FF1C /* PieChartView.m */; };
/* End PBXBuildFile section */

/* Begin PBXContainerItemProxy section */
		AC0EA841191604ED000268C3 /* PBXContainerItemProxy */ = {
			isa = PBXContainerItemProxy;
			containerPortal = AC0EA810191604ED000268C3 /* Project object */;
			proxyType = 1;
			remoteGlobalIDString = AC0EA817191604ED000268C3;
			remoteInfo = CG;
		};
/* End PBXContainerItemProxy section */

/* Begin PBXFileReference section */
		AC0EA818191604ED000268C3 /* CG.app */ = {isa = PBXFileReference; explicitFileType = wrapper.application; includeInIndex = 0; path = CG.app; sourceTree = BUILT_PRODUCTS_DIR; };
		AC0EA81B191604ED000268C3 /* Foundation.framework */ = {isa = PBXFileReference; lastKnownFileType = wrapper.framework; name = Foundation.framework; path = System/Library/Frameworks/Foundation.framework; sourceTree = SDKROOT; };
		AC0EA81D191604ED000268C3 /* CoreGraphics.framework */ = {isa = PBXFileReference; lastKnownFileType = wrapper.framework; name = CoreGraphics.framework; path = System/Library/Frameworks/CoreGraphics.framework; sourceTree = SDKROOT; };
		AC0EA81F191604ED000268C3 /* UIKit.framework */ = {isa = PBXFileReference; lastKnownFileType = wrapper.framework; name = UIKit.framework; path = System/Library/Frameworks/UIKit.framework; sourceTree = SDKROOT; };
		AC0EA823191604ED000268C3 /* CG-Info.plist */ = {isa = PBXFileReference; lastKnownFileType = text.plist.xml; path = "CG-Info.plist"; sourceTree = "<group>"; };
		AC0EA825191604ED000268C3 /* en */ = {isa = PBXFileReference; lastKnownFileType = text.plist.strings; name = en; path = en.lproj/InfoPlist.strings; sourceTree = "<group>"; };
		AC0EA827191604ED000268C3 /* main.m */ = {isa = PBXFileReference; lastKnownFileType = sourcecode.c.objc; path = main.m; sourceTree = "<group>"; };
		AC0EA829191604ED000268C3 /* CG-Prefix.pch */ = {isa = PBXFileReference; lastKnownFileType = sourcecode.c.h; path = "CG-Prefix.pch"; sourceTree = "<group>"; };
		AC0EA82A191604ED000268C3 /* AppDelegate.h */ = {isa = PBXFileReference; lastKnownFileType = sourcecode.c.h; path = AppDelegate.h; sourceTree = "<group>"; };
		AC0EA82B191604ED000268C3 /* AppDelegate.m */ = {isa = PBXFileReference; lastKnownFileType = sourcecode.c.objc; path = AppDelegate.m; sourceTree = "<group>"; };
		AC0EA82E191604ED000268C3 /* Base */ = {isa = PBXFileReference; lastKnownFileType = file.storyboard; name = Base; path = Base.lproj/Main_iPhone.storyboard; sourceTree = "<group>"; };
		AC0EA831191604ED000268C3 /* Base */ = {isa = PBXFileReference; lastKnownFileType = file.storyboard; name = Base; path = Base.lproj/Main_iPad.storyboard; sourceTree = "<group>"; };
		AC0EA833191604ED000268C3 /* ViewController.h */ = {isa = PBXFileReference; lastKnownFileType = sourcecode.c.h; path = ViewController.h; sourceTree = "<group>"; };
		AC0EA834191604ED000268C3 /* ViewController.m */ = {isa = PBXFileReference; lastKnownFileType = sourcecode.c.objc; path = ViewController.m; sourceTree = "<group>"; };
		AC0EA836191604ED000268C3 /* Images.xcassets */ = {isa = PBXFileReference; lastKnownFileType = folder.assetcatalog; path = Images.xcassets; sourceTree = "<group>"; };
		AC0EA83C191604ED000268C3 /* CGTests.xctest */ = {isa = PBXFileReference; explicitFileType = wrapper.cfbundle; includeInIndex = 0; path = CGTests.xctest; sourceTree = BUILT_PRODUCTS_DIR; };
		AC0EA83D191604ED000268C3 /* XCTest.framework */ = {isa = PBXFileReference; lastKnownFileType = wrapper.framework; name = XCTest.framework; path = Library/Frameworks/XCTest.framework; sourceTree = DEVELOPER_DIR; };
		AC0EA845191604ED000268C3 /* CGTests-Info.plist */ = {isa = PBXFileReference; lastKnownFileType = text.plist.xml; path = "CGTests-Info.plist"; sourceTree = "<group>"; };
		AC0EA847191604ED000268C3 /* en */ = {isa = PBXFileReference; lastKnownFileType = text.plist.strings; name = en; path = en.lproj/InfoPlist.strings; sourceTree = "<group>"; };
		AC0EA849191604ED000268C3 /* CGTests.m */ = {isa = PBXFileReference; lastKnownFileType = sourcecode.c.objc; path = CGTests.m; sourceTree = "<group>"; };
		ACB1C6741951E19E00B6FF1C /* constant.h */ = {isa = PBXFileReference; fileEncoding = 4; lastKnownFileType = sourcecode.c.h; path = constant.h; sourceTree = "<group>"; };
		ACB1C6751951E19E00B6FF1C /* constant.m */ = {isa = PBXFileReference; fileEncoding = 4; lastKnownFileType = sourcecode.c.objc; path = constant.m; sourceTree = "<group>"; };
		ACB1C6761951E19E00B6FF1C /* PieChartView.h */ = {isa = PBXFileReference; fileEncoding = 4; lastKnownFileType = sourcecode.c.h; path = PieChartView.h; sourceTree = "<group>"; };
		ACB1C6771951E19E00B6FF1C /* PieChartView.m */ = {isa = PBXFileReference; fileEncoding = 4; lastKnownFileType = sourcecode.c.objc; path = PieChartView.m; sourceTree = "<group>"; };
/* End PBXFileReference section */

/* Begin PBXFrameworksBuildPhase section */
		AC0EA815191604ED000268C3 /* Frameworks */ = {
			isa = PBXFrameworksBuildPhase;
			buildActionMask = 2147483647;
			files = (
				AC0EA81E191604ED000268C3 /* CoreGraphics.framework in Frameworks */,
				AC0EA820191604ED000268C3 /* UIKit.framework in Frameworks */,
				AC0EA81C191604ED000268C3 /* Foundation.framework in Frameworks */,
			);
			runOnlyForDeploymentPostprocessing = 0;
		};
		AC0EA839191604ED000268C3 /* Frameworks */ = {
			isa = PBXFrameworksBuildPhase;
			buildActionMask = 2147483647;
			files = (
				AC0EA83E191604ED000268C3 /* XCTest.framework in Frameworks */,
				AC0EA840191604ED000268C3 /* UIKit.framework in Frameworks */,
				AC0EA83F191604ED000268C3 /* Foundation.framework in Frameworks */,
			);
			runOnlyForDeploymentPostprocessing = 0;
		};
/* End PBXFrameworksBuildPhase section */

/* Begin PBXGroup section */
		AC0EA80F191604ED000268C3 = {
			isa = PBXGroup;
			children = (
				AC0EA821191604ED000268C3 /* CG */,
				AC0EA843191604ED000268C3 /* CGTests */,
				AC0EA81A191604ED000268C3 /* Frameworks */,
				AC0EA819191604ED000268C3 /* Products */,
			);
			sourceTree = "<group>";
		};
		AC0EA819191604ED000268C3 /* Products */ = {
			isa = PBXGroup;
			children = (
				AC0EA818191604ED000268C3 /* CG.app */,
				AC0EA83C191604ED000268C3 /* CGTests.xctest */,
			);
			name = Products;
			sourceTree = "<group>";
		};
		AC0EA81A191604ED000268C3 /* Frameworks */ = {
			isa = PBXGroup;
			children = (
				AC0EA81B191604ED000268C3 /* Foundation.framework */,
				AC0EA81D191604ED000268C3 /* CoreGraphics.framework */,
				AC0EA81F191604ED000268C3 /* UIKit.framework */,
				AC0EA83D191604ED000268C3 /* XCTest.framework */,
			);
			name = Frameworks;
			sourceTree = "<group>";
		};
		AC0EA821191604ED000268C3 /* CG */ = {
			isa = PBXGroup;
			children = (
				AC0EA82A191604ED000268C3 /* AppDelegate.h */,
				AC0EA82B191604ED000268C3 /* AppDelegate.m */,
				AC0EA82D191604ED000268C3 /* Main_iPhone.storyboard */,
				ACB1C6741951E19E00B6FF1C /* constant.h */,
				ACB1C6751951E19E00B6FF1C /* constant.m */,
				ACB1C6761951E19E00B6FF1C /* PieChartView.h */,
				ACB1C6771951E19E00B6FF1C /* PieChartView.m */,
				AC0EA830191604ED000268C3 /* Main_iPad.storyboard */,
				AC0EA833191604ED000268C3 /* ViewController.h */,
				AC0EA834191604ED000268C3 /* ViewController.m */,
				AC0EA836191604ED000268C3 /* Images.xcassets */,
				AC0EA822191604ED000268C3 /* Supporting Files */,
			);
			path = CG;
			sourceTree = "<group>";
		};
		AC0EA822191604ED000268C3 /* Supporting Files */ = {
			isa = PBXGroup;
			children = (
				AC0EA823191604ED000268C3 /* CG-Info.plist */,
				AC0EA824191604ED000268C3 /* InfoPlist.strings */,
				AC0EA827191604ED000268C3 /* main.m */,
				AC0EA829191604ED000268C3 /* CG-Prefix.pch */,
			);
			name = "Supporting Files";
			sourceTree = "<group>";
		};
		AC0EA843191604ED000268C3 /* CGTests */ = {
			isa = PBXGroup;
			children = (
				AC0EA849191604ED000268C3 /* CGTests.m */,
				AC0EA844191604ED000268C3 /* Supporting Files */,
			);
			path = CGTests;
			sourceTree = "<group>";
		};
		AC0EA844191604ED000268C3 /* Supporting Files */ = {
			isa = PBXGroup;
			children = (
				AC0EA845191604ED000268C3 /* CGTests-Info.plist */,
				AC0EA846191604ED000268C3 /* InfoPlist.strings */,
			);
			name = "Supporting Files";
			sourceTree = "<group>";
		};
/* End PBXGroup section */

/* Begin PBXNativeTarget section */
		AC0EA817191604ED000268C3 /* CG */ = {
			isa = PBXNativeTarget;
			buildConfigurationList = AC0EA84D191604ED000268C3 /* Build configuration list for PBXNativeTarget "CG" */;
			buildPhases = (
				AC0EA814191604ED000268C3 /* Sources */,
				AC0EA815191604ED000268C3 /* Frameworks */,
				AC0EA816191604ED000268C3 /* Resources */,
			);
			buildRules = (
			);
			dependencies = (
			);
			name = CG;
			productName = CG;
			productReference = AC0EA818191604ED000268C3 /* CG.app */;
			productType = "com.apple.product-type.application";
		};
		AC0EA83B191604ED000268C3 /* CGTests */ = {
			isa = PBXNativeTarget;
			buildConfigurationList = AC0EA850191604ED000268C3 /* Build configuration list for PBXNativeTarget "CGTests" */;
			buildPhases = (
				AC0EA838191604ED000268C3 /* Sources */,
				AC0EA839191604ED000268C3 /* Frameworks */,
				AC0EA83A191604ED000268C3 /* Resources */,
			);
			buildRules = (
			);
			dependencies = (
				AC0EA842191604ED000268C3 /* PBXTargetDependency */,
			);
			name = CGTests;
			productName = CGTests;
			productReference = AC0EA83C191604ED000268C3 /* CGTests.xctest */;
			productType = "com.apple.product-type.bundle.unit-test";
		};
/* End PBXNativeTarget section */

/* Begin PBXProject section */
		AC0EA810191604ED000268C3 /* Project object */ = {
			isa = PBXProject;
			attributes = {
				LastUpgradeCheck = 0500;
				ORGANIZATIONNAME = versille;
				TargetAttributes = {
					AC0EA83B191604ED000268C3 = {
						TestTargetID = AC0EA817191604ED000268C3;
					};
				};
			};
			buildConfigurationList = AC0EA813191604ED000268C3 /* Build configuration list for PBXProject "CG" */;
			compatibilityVersion = "Xcode 3.2";
			developmentRegion = English;
			hasScannedForEncodings = 0;
			knownRegions = (
				en,
				Base,
			);
			mainGroup = AC0EA80F191604ED000268C3;
			productRefGroup = AC0EA819191604ED000268C3 /* Products */;
			projectDirPath = "";
			projectRoot = "";
			targets = (
				AC0EA817191604ED000268C3 /* CG */,
				AC0EA83B191604ED000268C3 /* CGTests */,
			);
		};
/* End PBXProject section */

/* Begin PBXResourcesBuildPhase section */
		AC0EA816191604ED000268C3 /* Resources */ = {
			isa = PBXResourcesBuildPhase;
			buildActionMask = 2147483647;
			files = (
				AC0EA832191604ED000268C3 /* Main_iPad.storyboard in Resources */,
				AC0EA837191604ED000268C3 /* Images.xcassets in Resources */,
				AC0EA82F191604ED000268C3 /* Main_iPhone.storyboard in Resources */,
				AC0EA826191604ED000268C3 /* InfoPlist.strings in Resources */,
			);
			runOnlyForDeploymentPostprocessing = 0;
		};
		AC0EA83A191604ED000268C3 /* Resources */ = {
			isa = PBXResourcesBuildPhase;
			buildActionMask = 2147483647;
			files = (
				AC0EA848191604ED000268C3 /* InfoPlist.strings in Resources */,
			);
			runOnlyForDeploymentPostprocessing = 0;
		};
/* End PBXResourcesBuildPhase section */

/* Begin PBXSourcesBuildPhase section */
		AC0EA814191604ED000268C3 /* Sources */ = {
			isa = PBXSourcesBuildPhase;
			buildActionMask = 2147483647;
			files = (
				AC0EA835191604ED000268C3 /* ViewController.m in Sources */,
				AC0EA82C191604ED000268C3 /* AppDelegate.m in Sources */,
				AC0EA828191604ED000268C3 /* main.m in Sources */,
				ACB1C6781951E19E00B6FF1C /* constant.m in Sources */,
				ACB1C6791951E19E00B6FF1C /* PieChartView.m in Sources */,
			);
			runOnlyForDeploymentPostprocessing = 0;
		};
		AC0EA838191604ED000268C3 /* Sources */ = {
			isa = PBXSourcesBuildPhase;
			buildActionMask = 2147483647;
			files = (
				AC0EA84A191604ED000268C3 /* CGTests.m in Sources */,
			);
			runOnlyForDeploymentPostprocessing = 0;
		};
/* End PBXSourcesBuildPhase section */

/* Begin PBXTargetDependency section */
		AC0EA842191604ED000268C3 /* PBXTargetDependency */ = {
			isa = PBXTargetDependency;
			target = AC0EA817191604ED000268C3 /* CG */;
			targetProxy = AC0EA841191604ED000268C3 /* PBXContainerItemProxy */;
		};
/* End PBXTargetDependency section */

/* Begin PBXVariantGroup section */
		AC0EA824191604ED000268C3 /* InfoPlist.strings */ = {
			isa = PBXVariantGroup;
			children = (
				AC0EA825191604ED000268C3 /* en */,
			);
			name = InfoPlist.strings;
			sourceTree = "<group>";
		};
		AC0EA82D191604ED000268C3 /* Main_iPhone.storyboard */ = {
			isa = PBXVariantGroup;
			children = (
				AC0EA82E191604ED000268C3 /* Base */,
			);
			name = Main_iPhone.storyboard;
			sourceTree = "<group>";
		};
		AC0EA830191604ED000268C3 /* Main_iPad.storyboard */ = {
			isa = PBXVariantGroup;
			children = (
				AC0EA831191604ED000268C3 /* Base */,
			);
			name = Main_iPad.storyboard;
			sourceTree = "<group>";
		};
		AC0EA846191604ED000268C3 /* InfoPlist.strings */ = {
			isa = PBXVariantGroup;
			children = (
				AC0EA847191604ED000268C3 /* en */,
			);
			name = InfoPlist.strings;
			sourceTree = "<group>";
		};
/* End PBXVariantGroup section */

/* Begin XCBuildConfiguration section */
		AC0EA84B191604ED000268C3 /* Debug */ = {
			isa = XCBuildConfiguration;
			buildSettings = {
				ALWAYS_SEARCH_USER_PATHS = NO;
				ARCHS = "$(ARCHS_STANDARD_INCLUDING_64_BIT)";
				CLANG_CXX_LANGUAGE_STANDARD = "gnu++0x";
				CLANG_CXX_LIBRARY = "libc++";
				CLANG_ENABLE_MODULES = YES;
				CLANG_ENABLE_OBJC_ARC = YES;
				CLANG_WARN_BOOL_CONVERSION = YES;
				CLANG_WARN_CONSTANT_CONVERSION = YES;
				CLANG_WARN_DIRECT_OBJC_ISA_USAGE = YES_ERROR;
				CLANG_WARN_EMPTY_BODY = YES;
				CLANG_WARN_ENUM_CONVERSION = YES;
				CLANG_WARN_INT_CONVERSION = YES;
				CLANG_WARN_OBJC_ROOT_CLASS = YES_ERROR;
				CLANG_WARN__DUPLICATE_METHOD_MATCH = YES;
				"CODE_SIGN_IDENTITY[sdk=iphoneos*]" = "iPhone Developer";
				COPY_PHASE_STRIP = NO;
				GCC_C_LANGUAGE_STANDARD = gnu99;
				GCC_DYNAMIC_NO_PIC = NO;
				GCC_OPTIMIZATION_LEVEL = 0;
				GCC_PREPROCESSOR_DEFINITIONS = (
					"DEBUG=1",
					"$(inherited)",
				);
				GCC_SYMBOLS_PRIVATE_EXTERN = NO;
				GCC_WARN_64_TO_32_BIT_CONVERSION = YES;
				GCC_WARN_ABOUT_RETURN_TYPE = YES_ERROR;
				GCC_WARN_UNDECLARED_SELECTOR = YES;
				GCC_WARN_UNINITIALIZED_AUTOS = YES;
				GCC_WARN_UNUSED_FUNCTION = YES;
				GCC_WARN_UNUSED_VARIABLE = YES;
				IPHONEOS_DEPLOYMENT_TARGET = 7.0;
				ONLY_ACTIVE_ARCH = YES;
				SDKROOT = iphoneos;
				TARGETED_DEVICE_FAMILY = "1,2";
			};
			name = Debug;
		};
		AC0EA84C191604ED000268C3 /* Release */ = {
			isa = XCBuildConfiguration;
			buildSettings = {
				ALWAYS_SEARCH_USER_PATHS = NO;
				ARCHS = "$(ARCHS_STANDARD_INCLUDING_64_BIT)";
				CLANG_CXX_LANGUAGE_STANDARD = "gnu++0x";
				CLANG_CXX_LIBRARY = "libc++";
				CLANG_ENABLE_MODULES = YES;
				CLANG_ENABLE_OBJC_ARC = YES;
				CLANG_WARN_BOOL_CONVERSION = YES;
				CLANG_WARN_CONSTANT_CONVERSION = YES;
				CLANG_WARN_DIRECT_OBJC_ISA_USAGE = YES_ERROR;
				CLANG_WARN_EMPTY_BODY = YES;
				CLANG_WARN_ENUM_CONVERSION = YES;
				CLANG_WARN_INT_CONVERSION = YES;
				CLANG_WARN_OBJC_ROOT_CLASS = YES_ERROR;
				CLANG_WARN__DUPLICATE_METHOD_MATCH = YES;
				"CODE_SIGN_IDENTITY[sdk=iphoneos*]" = "iPhone Developer";
				COPY_PHASE_STRIP = YES;
				ENABLE_NS_ASSERTIONS = NO;
				GCC_C_LANGUAGE_STANDARD = gnu99;
				GCC_WARN_64_TO_32_BIT_CONVERSION = YES;
				GCC_WARN_ABOUT_RETURN_TYPE = YES_ERROR;
				GCC_WARN_UNDECLARED_SELECTOR = YES;
				GCC_WARN_UNINITIALIZED_AUTOS = YES;
				GCC_WARN_UNUSED_FUNCTION = YES;
				GCC_WARN_UNUSED_VARIABLE = YES;
				IPHONEOS_DEPLOYMENT_TARGET = 7.0;
				SDKROOT = iphoneos;
				TARGETED_DEVICE_FAMILY = "1,2";
				VALIDATE_PRODUCT = YES;
			};
			name = Release;
		};
		AC0EA84E191604ED000268C3 /* Debug */ = {
			isa = XCBuildConfiguration;
			buildSettings = {
				ASSETCATALOG_COMPILER_APPICON_NAME = AppIcon;
				ASSETCATALOG_COMPILER_LAUNCHIMAGE_NAME = LaunchImage;
				GCC_PRECOMPILE_PREFIX_HEADER = YES;
				GCC_PREFIX_HEADER = "CG/CG-Prefix.pch";
				INFOPLIST_FILE = "CG/CG-Info.plist";
				PRODUCT_NAME = "$(TARGET_NAME)";
				WRAPPER_EXTENSION = app;
			};
			name = Debug;
		};
		AC0EA84F191604ED000268C3 /* Release */ = {
			isa = XCBuildConfiguration;
			buildSettings = {
				ASSETCATALOG_COMPILER_APPICON_NAME = AppIcon;
				ASSETCATALOG_COMPILER_LAUNCHIMAGE_NAME = LaunchImage;
				GCC_PRECOMPILE_PREFIX_HEADER = YES;
				GCC_PREFIX_HEADER = "CG/CG-Prefix.pch";
				INFOPLIST_FILE = "CG/CG-Info.plist";
				PRODUCT_NAME = "$(TARGET_NAME)";
				WRAPPER_EXTENSION = app;
			};
			name = Release;
		};
		AC0EA851191604ED000268C3 /* Debug */ = {
			isa = XCBuildConfiguration;
			buildSettings = {
				ARCHS = "$(ARCHS_STANDARD_INCLUDING_64_BIT)";
				BUNDLE_LOADER = "$(BUILT_PRODUCTS_DIR)/CG.app/CG";
				FRAMEWORK_SEARCH_PATHS = (
					"$(SDKROOT)/Developer/Library/Frameworks",
					"$(inherited)",
					"$(DEVELOPER_FRAMEWORKS_DIR)",
				);
				GCC_PRECOMPILE_PREFIX_HEADER = YES;
				GCC_PREFIX_HEADER = "CG/CG-Prefix.pch";
				GCC_PREPROCESSOR_DEFINITIONS = (
					"DEBUG=1",
					"$(inherited)",
				);
				INFOPLIST_FILE = "CGTests/CGTests-Info.plist";
				PRODUCT_NAME = "$(TARGET_NAME)";
				TEST_HOST = "$(BUNDLE_LOADER)";
				WRAPPER_EXTENSION = xctest;
			};
			name = Debug;
		};
		AC0EA852191604ED000268C3 /* Release */ = {
			isa = XCBuildConfiguration;
			buildSettings = {
				ARCHS = "$(ARCHS_STANDARD_INCLUDING_64_BIT)";
				BUNDLE_LOADER = "$(BUILT_PRODUCTS_DIR)/CG.app/CG";
				FRAMEWORK_SEARCH_PATHS = (
					"$(SDKROOT)/Developer/Library/Frameworks",
					"$(inherited)",
					"$(DEVELOPER_FRAMEWORKS_DIR)",
				);
				GCC_PRECOMPILE_PREFIX_HEADER = YES;
				GCC_PREFIX_HEADER = "CG/CG-Prefix.pch";
				INFOPLIST_FILE = "CGTests/CGTests-Info.plist";
				PRODUCT_NAME = "$(TARGET_NAME)";
				TEST_HOST = "$(BUNDLE_LOADER)";
				WRAPPER_EXTENSION = xctest;
			};
			name = Release;
		};
/* End XCBuildConfiguration section */

/* Begin XCConfigurationList section */
		AC0EA813191604ED000268C3 /* Build configuration list for PBXProject "CG" */ = {
			isa = XCConfigurationList;
			buildConfigurations = (
				AC0EA84B191604ED000268C3 /* Debug */,
				AC0EA84C191604ED000268C3 /* Release */,
			);
			defaultConfigurationIsVisible = 0;
			defaultConfigurationName = Release;
		};
		AC0EA84D191604ED000268C3 /* Build configuration list for PBXNativeTarget "CG" */ = {
			isa = XCConfigurationList;
			buildConfigurations = (
				AC0EA84E191604ED000268C3 /* Debug */,
				AC0EA84F191604ED000268C3 /* Release */,
			);
			defaultConfigurationIsVisible = 0;
			defaultConfigurationName = Release;
		};
		AC0EA850191604ED000268C3 /* Build configuration list for PBXNativeTarget "CGTests" */ = {
			isa = XCConfigurationList;
			buildConfigurations = (
				AC0EA851191604ED000268C3 /* Debug */,
				AC0EA852191604ED000268C3 /* Release */,
			);
			defaultConfigurationIsVisible = 0;
			defaultConfigurationName = Release;
		};
/* End XCConfigurationList section */
	};
	rootObject = AC0EA810191604ED000268C3 /* Project object */;
}
